
Microsoft Visual Studio Solution File, Format Version 12.00
# Visual Studio 15
VisualStudioVersion = 15.0.28307.852
MinimumVisualStudioVersion = 10.0.40219.1
Project("{FAE04EC0-301F-11D3-BF4B-00C04F79EFBC}") = "WebLaptop_Web", "WebLaptop\WebLaptop_Web.csproj", "{BAAF144C-99FE-486F-BD0D-16833328A429}"
EndProject
Project("{FAE04EC0-301F-11D3-BF4B-00C04F79EFBC}") = "WebLaptop_Data", "WebLaptop_Data\WebLaptop_Data.csproj", "{FC6BC3BD-AAEF-49FC-A06C-CD13DD4CA2CD}"
EndProject
Project("{FAE04EC0-301F-11D3-BF4B-00C04F79EFBC}") = "WebLaptop_Model", "WebLaptop_Model\WebLaptop_Model.csproj", "{A96D8EB2-9C59-4699-8A0B-456F42C867F5}"
EndProject
Project("{FAE04EC0-301F-11D3-BF4B-00C04F79EFBC}") = "WebLaptop_Common", "WebLaptop_Common\WebLaptop_Common.csproj", "{CF8D4568-9C95-485D-82E0-3B52A3D62D3F}"
EndProject
Project("{FAE04EC0-301F-11D3-BF4B-00C04F79EFBC}") = "WebLaptop_Service", "WebLaptop_Service\WebLaptop_Service.csproj", "{F57E8C38-7F78-4626-BA0C-001D9A36A199}"
EndProject
Global
	GlobalSection(SolutionConfigurationPlatforms) = preSolution
		Debug|Any CPU = Debug|Any CPU
		Release|Any CPU = Release|Any CPU
	EndGlobalSection
	GlobalSection(ProjectConfigurationPlatforms) = postSolution
		{BAAF144C-99FE-486F-BD0D-16833328A429}.Debug|Any CPU.ActiveCfg = Debug|Any CPU
		{BAAF144C-99FE-486F-BD0D-16833328A429}.Debug|Any CPU.Build.0 = Debug|Any CPU
		{BAAF144C-99FE-486F-BD0D-16833328A429}.Release|Any CPU.ActiveCfg = Release|Any CPU
		{BAAF144C-99FE-486F-BD0D-16833328A429}.Release|Any CPU.Build.0 = Release|Any CPU
		{FC6BC3BD-AAEF-49FC-A06C-CD13DD4CA2CD}.Debug|Any CPU.ActiveCfg = Debug|Any CPU
		{FC6BC3BD-AAEF-49FC-A06C-CD13DD4CA2CD}.Debug|Any CPU.Build.0 = Debug|Any CPU
		{FC6BC3BD-AAEF-49FC-A06C-CD13DD4CA2CD}.Release|Any CPU.ActiveCfg = Release|Any CPU
		{FC6BC3BD-AAEF-49FC-A06C-CD13DD4CA2CD}.Release|Any CPU.Build.0 = Release|Any CPU
		{A96D8EB2-9C59-4699-8A0B-456F42C867F5}.Debug|Any CPU.ActiveCfg = Debug|Any CPU
		{A96D8EB2-9C59-4699-8A0B-456F42C867F5}.Debug|Any CPU.Build.0 = Debug|Any CPU
		{A96D8EB2-9C59-4699-8A0B-456F42C867F5}.Release|Any CPU.ActiveCfg = Release|Any CPU
		{A96D8EB2-9C59-4699-8A0B-456F42C867F5}.Release|Any CPU.Build.0 = Release|Any CPU
		{CF8D4568-9C95-485D-82E0-3B52A3D62D3F}.Debug|Any CPU.ActiveCfg = Debug|Any CPU
		{CF8D4568-9C95-485D-82E0-3B52A3D62D3F}.Debug|Any CPU.Build.0 = Debug|Any CPU
		{CF8D4568-9C95-485D-82E0-3B52A3D62D3F}.Release|Any CPU.ActiveCfg = Release|Any CPU
		{CF8D4568-9C95-485D-82E0-3B52A3D62D3F}.Release|Any CPU.Build.0 = Release|Any CPU
		{F57E8C38-7F78-4626-BA0C-001D9A36A199}.Debug|Any CPU.ActiveCfg = Debug|Any CPU
		{F57E8C38-7F78-4626-BA0C-001D9A36A199}.Debug|Any CPU.Build.0 = Debug|Any CPU
		{F57E8C38-7F78-4626-BA0C-001D9A36A199}.Release|Any CPU.ActiveCfg = Release|Any CPU
		{F57E8C38-7F78-4626-BA0C-001D9A36A199}.Release|Any CPU.Build.0 = Release|Any CPU
	EndGlobalSection
	GlobalSection(SolutionProperties) = preSolution
		HideSolutionNode = FALSE
	EndGlobalSection
	GlobalSection(ExtensibilityGlobals) = postSolution
		SolutionGuid = {5429E822-1AED-41DF-BC68-EB66694ED584}
	EndGlobalSection
EndGlobal
